
Microsoft Visual Studio Solution File, Format Version 12.00
Project("{FAE04EC0-301F-11D3-BF4B-00C04F79EFBC}") = "PortfolioWebsite", "PortfolioWebsite.csproj", "{48464707-17D5-45A4-B782-6233A5BA55A5}"
EndProject
Global
	GlobalSection(SolutionConfigurationPlatforms) = preSolution
		Debug|Any CPU = Debug|Any CPU
		Release|Any CPU = Release|Any CPU
	EndGlobalSection
	GlobalSection(ProjectConfigurationPlatforms) = postSolution
		{48464707-17D5-45A4-B782-6233A5BA55A5}.Debug|Any CPU.ActiveCfg = Debug|Any CPU
		{48464707-17D5-45A4-B782-6233A5BA55A5}.Debug|Any CPU.Build.0 = Debug|Any CPU
		{48464707-17D5-45A4-B782-6233A5BA55A5}.Release|Any CPU.ActiveCfg = Release|Any CPU
		{48464707-17D5-45A4-B782-6233A5BA55A5}.Release|Any CPU.Build.0 = Release|Any CPU
	EndGlobalSection
EndGlobal
